
Microsoft Visual Studio Solution File, Format Version 12.00
# Visual Studio Version 17
VisualStudioVersion = 17.0.31912.275
MinimumVisualStudioVersion = 10.0.40219.1
Project("{FAE04EC0-301F-11D3-BF4B-00C04F79EFBC}") = "A22_Ex02", "Program\A22_Ex02.csproj", "{9976F418-2580-469E-95ED-BAD0B32322E9}"
EndProject
Global
	GlobalSection(SolutionConfigurationPlatforms) = preSolution
		Debug|Any CPU = Debug|Any CPU
		Release|Any CPU = Release|Any CPU
	EndGlobalSection
	GlobalSection(ProjectConfigurationPlatforms) = postSolution
		{9976F418-2580-469E-95ED-BAD0B32322E9}.Debug|Any CPU.ActiveCfg = Debug|Any CPU
		{9976F418-2580-469E-95ED-BAD0B32322E9}.Debug|Any CPU.Build.0 = Debug|Any CPU
		{9976F418-2580-469E-95ED-BAD0B32322E9}.Release|Any CPU.ActiveCfg = Release|Any CPU
		{9976F418-2580-469E-95ED-BAD0B32322E9}.Release|Any CPU.Build.0 = Release|Any CPU
	EndGlobalSection
	GlobalSection(SolutionProperties) = preSolution
		HideSolutionNode = FALSE
	EndGlobalSection
	GlobalSection(ExtensibilityGlobals) = postSolution
		SolutionGuid = {4E63AB53-1D5E-4FE4-8580-D29FB91E181C}
	EndGlobalSection
EndGlobal
